
Microsoft Visual Studio Solution File, Format Version 12.00
# Visual Studio 15
VisualStudioVersion = 15.0.27130.2020
MinimumVisualStudioVersion = 10.0.40219.1
Project("{FAE04EC0-301F-11D3-BF4B-00C04F79EFBC}") = "LVKullanimi.Android", "LVKullanimi\LVKullanimi.Android\LVKullanimi.Android.csproj", "{72BA168F-CBDD-4DB2-ACC8-3B4A45A01ED9}"
EndProject
Project("{FAE04EC0-301F-11D3-BF4B-00C04F79EFBC}") = "LVKullanimi.iOS", "LVKullanimi\LVKullanimi.iOS\LVKullanimi.iOS.csproj", "{61BCC066-BEDA-4EBD-B64E-082A31E01644}"
EndProject
Project("{FAE04EC0-301F-11D3-BF4B-00C04F79EFBC}") = "LVKullanimi.UWP", "LVKullanimi\LVKullanimi.UWP\LVKullanimi.UWP.csproj", "{163696E1-9BE6-41B7-B16D-062C49FB2891}"
EndProject
Project("{FAE04EC0-301F-11D3-BF4B-00C04F79EFBC}") = "LVKullanimi", "LVKullanimi\LVKullanimi\LVKullanimi.csproj", "{C741DA7E-3020-49F3-AB5D-2D17852FA84A}"
EndProject
Global
	GlobalSection(SolutionConfigurationPlatforms) = preSolution
		Ad-Hoc|Any CPU = Ad-Hoc|Any CPU
		Ad-Hoc|ARM = Ad-Hoc|ARM
		Ad-Hoc|iPhone = Ad-Hoc|iPhone
		Ad-Hoc|iPhoneSimulator = Ad-Hoc|iPhoneSimulator
		Ad-Hoc|x64 = Ad-Hoc|x64
		Ad-Hoc|x86 = Ad-Hoc|x86
		AppStore|Any CPU = AppStore|Any CPU
		AppStore|ARM = AppStore|ARM
		AppStore|iPhone = AppStore|iPhone
		AppStore|iPhoneSimulator = AppStore|iPhoneSimulator
		AppStore|x64 = AppStore|x64
		AppStore|x86 = AppStore|x86
		Debug|Any CPU = Debug|Any CPU
		Debug|ARM = Debug|ARM
		Debug|iPhone = Debug|iPhone
		Debug|iPhoneSimulator = Debug|iPhoneSimulator
		Debug|x64 = Debug|x64
		Debug|x86 = Debug|x86
		Release|Any CPU = Release|Any CPU
		Release|ARM = Release|ARM
		Release|iPhone = Release|iPhone
		Release|iPhoneSimulator = Release|iPhoneSimulator
		Release|x64 = Release|x64
		Release|x86 = Release|x86
	EndGlobalSection
	GlobalSection(ProjectConfigurationPlatforms) = postSolution
		{72BA168F-CBDD-4DB2-ACC8-3B4A45A01ED9}.Ad-Hoc|Any CPU.ActiveCfg = Release|Any CPU
		{72BA168F-CBDD-4DB2-ACC8-3B4A45A01ED9}.Ad-Hoc|Any CPU.Build.0 = Release|Any CPU
		{72BA168F-CBDD-4DB2-ACC8-3B4A45A01ED9}.Ad-Hoc|Any CPU.Deploy.0 = Release|Any CPU
		{72BA168F-CBDD-4DB2-ACC8-3B4A45A01ED9}.Ad-Hoc|ARM.ActiveCfg = Release|Any CPU
		{72BA168F-CBDD-4DB2-ACC8-3B4A45A01ED9}.Ad-Hoc|ARM.Build.0 = Release|Any CPU
		{72BA168F-CBDD-4DB2-ACC8-3B4A45A01ED9}.Ad-Hoc|ARM.Deploy.0 = Release|Any CPU
		{72BA168F-CBDD-4DB2-ACC8-3B4A45A01ED9}.Ad-Hoc|iPhone.ActiveCfg = Release|Any CPU
		{72BA168F-CBDD-4DB2-ACC8-3B4A45A01ED9}.Ad-Hoc|iPhone.Build.0 = Release|Any CPU
		{72BA168F-CBDD-4DB2-ACC8-3B4A45A01ED9}.Ad-Hoc|iPhone.Deploy.0 = Release|Any CPU
		{72BA168F-CBDD-4DB2-ACC8-3B4A45A01ED9}.Ad-Hoc|iPhoneSimulator.ActiveCfg = Release|Any CPU
		{72BA168F-CBDD-4DB2-ACC8-3B4A45A01ED9}.Ad-Hoc|iPhoneSimulator.Build.0 = Release|Any CPU
		{72BA168F-CBDD-4DB2-ACC8-3B4A45A01ED9}.Ad-Hoc|iPhoneSimulator.Deploy.0 = Release|Any CPU
		{72BA168F-CBDD-4DB2-ACC8-3B4A45A01ED9}.Ad-Hoc|x64.ActiveCfg = Release|Any CPU
		{72BA168F-CBDD-4DB2-ACC8-3B4A45A01ED9}.Ad-Hoc|x64.Build.0 = Release|Any CPU
		{72BA168F-CBDD-4DB2-ACC8-3B4A45A01ED9}.Ad-Hoc|x64.Deploy.0 = Release|Any CPU
		{72BA168F-CBDD-4DB2-ACC8-3B4A45A01ED9}.Ad-Hoc|x86.ActiveCfg = Release|Any CPU
		{72BA168F-CBDD-4DB2-ACC8-3B4A45A01ED9}.Ad-Hoc|x86.Build.0 = Release|Any CPU
		{72BA168F-CBDD-4DB2-ACC8-3B4A45A01ED9}.Ad-Hoc|x86.Deploy.0 = Release|Any CPU
		{72BA168F-CBDD-4DB2-ACC8-3B4A45A01ED9}.AppStore|Any CPU.ActiveCfg = Release|Any CPU
		{72BA168F-CBDD-4DB2-ACC8-3B4A45A01ED9}.AppStore|Any CPU.Build.0 = Release|Any CPU
		{72BA168F-CBDD-4DB2-ACC8-3B4A45A01ED9}.AppStore|Any CPU.Deploy.0 = Release|Any CPU
		{72BA168F-CBDD-4DB2-ACC8-3B4A45A01ED9}.AppStore|ARM.ActiveCfg = Release|Any CPU
		{72BA168F-CBDD-4DB2-ACC8-3B4A45A01ED9}.AppStore|ARM.Build.0 = Release|Any CPU
		{72BA168F-CBDD-4DB2-ACC8-3B4A45A01ED9}.AppStore|ARM.Deploy.0 = Release|Any CPU
		{72BA168F-CBDD-4DB2-ACC8-3B4A45A01ED9}.AppStore|iPhone.ActiveCfg = Release|Any CPU
		{72BA168F-CBDD-4DB2-ACC8-3B4A45A01ED9}.AppStore|iPhone.Build.0 = Release|Any CPU
		{72BA168F-CBDD-4DB2-ACC8-3B4A45A01ED9}.AppStore|iPhone.Deploy.0 = Release|Any CPU
		{72BA168F-CBDD-4DB2-ACC8-3B4A45A01ED9}.AppStore|iPhoneSimulator.ActiveCfg = Release|Any CPU
		{72BA168F-CBDD-4DB2-ACC8-3B4A45A01ED9}.AppStore|iPhoneSimulator.Build.0 = Release|Any CPU
		{72BA168F-CBDD-4DB2-ACC8-3B4A45A01ED9}.AppStore|iPhoneSimulator.Deploy.0 = Release|Any CPU
		{72BA168F-CBDD-4DB2-ACC8-3B4A45A01ED9}.AppStore|x64.ActiveCfg = Release|Any CPU
		{72BA168F-CBDD-4DB2-ACC8-3B4A45A01ED9}.AppStore|x64.Build.0 = Release|Any CPU
		{72BA168F-CBDD-4DB2-ACC8-3B4A45A01ED9}.AppStore|x64.Deploy.0 = Release|Any CPU
		{72BA168F-CBDD-4DB2-ACC8-3B4A45A01ED9}.AppStore|x86.ActiveCfg = Release|Any CPU
		{72BA168F-CBDD-4DB2-ACC8-3B4A45A01ED9}.AppStore|x86.Build.0 = Release|Any CPU
		{72BA168F-CBDD-4DB2-ACC8-3B4A45A01ED9}.AppStore|x86.Deploy.0 = Release|Any CPU
		{72BA168F-CBDD-4DB2-ACC8-3B4A45A01ED9}.Debug|Any CPU.ActiveCfg = Debug|Any CPU
		{72BA168F-CBDD-4DB2-ACC8-3B4A45A01ED9}.Debug|Any CPU.Build.0 = Debug|Any CPU
		{72BA168F-CBDD-4DB2-ACC8-3B4A45A01ED9}.Debug|Any CPU.Deploy.0 = Debug|Any CPU
		{72BA168F-CBDD-4DB2-ACC8-3B4A45A01ED9}.Debug|ARM.ActiveCfg = Debug|Any CPU
		{72BA168F-CBDD-4DB2-ACC8-3B4A45A01ED9}.Debug|ARM.Build.0 = Debug|Any CPU
		{72BA168F-CBDD-4DB2-ACC8-3B4A45A01ED9}.Debug|ARM.Deploy.0 = Debug|Any CPU
		{72BA168F-CBDD-4DB2-ACC8-3B4A45A01ED9}.Debug|iPhone.ActiveCfg = Debug|Any CPU
		{72BA168F-CBDD-4DB2-ACC8-3B4A45A01ED9}.Debug|iPhone.Build.0 = Debug|Any CPU
		{72BA168F-CBDD-4DB2-ACC8-3B4A45A01ED9}.Debug|iPhone.Deploy.0 = Debug|Any CPU
		{72BA168F-CBDD-4DB2-ACC8-3B4A45A01ED9}.Debug|iPhoneSimulator.ActiveCfg = Debug|Any CPU
		{72BA168F-CBDD-4DB2-ACC8-3B4A45A01ED9}.Debug|iPhoneSimulator.Build.0 = Debug|Any CPU
		{72BA168F-CBDD-4DB2-ACC8-3B4A45A01ED9}.Debug|iPhoneSimulator.Deploy.0 = Debug|Any CPU
		{72BA168F-CBDD-4DB2-ACC8-3B4A45A01ED9}.Debug|x64.ActiveCfg = Debug|Any CPU
		{72BA168F-CBDD-4DB2-ACC8-3B4A45A01ED9}.Debug|x64.Build.0 = Debug|Any CPU
		{72BA168F-CBDD-4DB2-ACC8-3B4A45A01ED9}.Debug|x64.Deploy.0 = Debug|Any CPU
		{72BA168F-CBDD-4DB2-ACC8-3B4A45A01ED9}.Debug|x86.ActiveCfg = Debug|Any CPU
		{72BA168F-CBDD-4DB2-ACC8-3B4A45A01ED9}.Debug|x86.Build.0 = Debug|Any CPU
		{72BA168F-CBDD-4DB2-ACC8-3B4A45A01ED9}.Debug|x86.Deploy.0 = Debug|Any CPU
		{72BA168F-CBDD-4DB2-ACC8-3B4A45A01ED9}.Release|Any CPU.ActiveCfg = Release|Any CPU
		{72BA168F-CBDD-4DB2-ACC8-3B4A45A01ED9}.Release|Any CPU.Build.0 = Release|Any CPU
		{72BA168F-CBDD-4DB2-ACC8-3B4A45A01ED9}.Release|Any CPU.Deploy.0 = Release|Any CPU
		{72BA168F-CBDD-4DB2-ACC8-3B4A45A01ED9}.Release|ARM.ActiveCfg = Release|Any CPU
		{72BA168F-CBDD-4DB2-ACC8-3B4A45A01ED9}.Release|ARM.Build.0 = Release|Any CPU
		{72BA168F-CBDD-4DB2-ACC8-3B4A45A01ED9}.Release|ARM.Deploy.0 = Release|Any CPU
		{72BA168F-CBDD-4DB2-ACC8-3B4A45A01ED9}.Release|iPhone.ActiveCfg = Release|Any CPU
		{72BA168F-CBDD-4DB2-ACC8-3B4A45A01ED9}.Release|iPhone.Build.0 = Release|Any CPU
		{72BA168F-CBDD-4DB2-ACC8-3B4A45A01ED9}.Release|iPhone.Deploy.0 = Release|Any CPU
		{72BA168F-CBDD-4DB2-ACC8-3B4A45A01ED9}.Release|iPhoneSimulator.ActiveCfg = Release|Any CPU
		{72BA168F-CBDD-4DB2-ACC8-3B4A45A01ED9}.Release|iPhoneSimulator.Build.0 = Release|Any CPU
		{72BA168F-CBDD-4DB2-ACC8-3B4A45A01ED9}.Release|iPhoneSimulator.Deploy.0 = Release|Any CPU
		{72BA168F-CBDD-4DB2-ACC8-3B4A45A01ED9}.Release|x64.ActiveCfg = Release|Any CPU
		{72BA168F-CBDD-4DB2-ACC8-3B4A45A01ED9}.Release|x64.Build.0 = Release|Any CPU
		{72BA168F-CBDD-4DB2-ACC8-3B4A45A01ED9}.Release|x64.Deploy.0 = Release|Any CPU
		{72BA168F-CBDD-4DB2-ACC8-3B4A45A01ED9}.Release|x86.ActiveCfg = Release|Any CPU
		{72BA168F-CBDD-4DB2-ACC8-3B4A45A01ED9}.Release|x86.Build.0 = Release|Any CPU
		{72BA168F-CBDD-4DB2-ACC8-3B4A45A01ED9}.Release|x86.Deploy.0 = Release|Any CPU
		{61BCC066-BEDA-4EBD-B64E-082A31E01644}.Ad-Hoc|Any CPU.ActiveCfg = Ad-Hoc|iPhone
		{61BCC066-BEDA-4EBD-B64E-082A31E01644}.Ad-Hoc|ARM.ActiveCfg = Ad-Hoc|iPhone
		{61BCC066-BEDA-4EBD-B64E-082A31E01644}.Ad-Hoc|iPhone.ActiveCfg = Ad-Hoc|iPhone
		{61BCC066-BEDA-4EBD-B64E-082A31E01644}.Ad-Hoc|iPhone.Build.0 = Ad-Hoc|iPhone
		{61BCC066-BEDA-4EBD-B64E-082A31E01644}.Ad-Hoc|iPhoneSimulator.ActiveCfg = Ad-Hoc|iPhoneSimulator
		{61BCC066-BEDA-4EBD-B64E-082A31E01644}.Ad-Hoc|iPhoneSimulator.Build.0 = Ad-Hoc|iPhoneSimulator
		{61BCC066-BEDA-4EBD-B64E-082A31E01644}.Ad-Hoc|x64.ActiveCfg = Ad-Hoc|iPhone
		{61BCC066-BEDA-4EBD-B64E-082A31E01644}.Ad-Hoc|x86.ActiveCfg = Ad-Hoc|iPhone
		{61BCC066-BEDA-4EBD-B64E-082A31E01644}.AppStore|Any CPU.ActiveCfg = AppStore|iPhone
		{61BCC066-BEDA-4EBD-B64E-082A31E01644}.AppStore|ARM.ActiveCfg = AppStore|iPhone
		{61BCC066-BEDA-4EBD-B64E-082A31E01644}.AppStore|iPhone.ActiveCfg = AppStore|iPhone
		{61BCC066-BEDA-4EBD-B64E-082A31E01644}.AppStore|iPhone.Build.0 = AppStore|iPhone
		{61BCC066-BEDA-4EBD-B64E-082A31E01644}.AppStore|iPhoneSimulator.ActiveCfg = AppStore|iPhoneSimulator
		{61BCC066-BEDA-4EBD-B64E-082A31E01644}.AppStore|iPhoneSimulator.Build.0 = AppStore|iPhoneSimulator
		{61BCC066-BEDA-4EBD-B64E-082A31E01644}.AppStore|x64.ActiveCfg = AppStore|iPhone
		{61BCC066-BEDA-4EBD-B64E-082A31E01644}.AppStore|x86.ActiveCfg = AppStore|iPhone
		{61BCC066-BEDA-4EBD-B64E-082A31E01644}.Debug|Any CPU.ActiveCfg = Debug|iPhone
		{61BCC066-BEDA-4EBD-B64E-082A31E01644}.Debug|ARM.ActiveCfg = Debug|iPhone
		{61BCC066-BEDA-4EBD-B64E-082A31E01644}.Debug|iPhone.ActiveCfg = Debug|iPhone
		{61BCC066-BEDA-4EBD-B64E-082A31E01644}.Debug|iPhone.Build.0 = Debug|iPhone
		{61BCC066-BEDA-4EBD-B64E-082A31E01644}.Debug|iPhoneSimulator.ActiveCfg = Debug|iPhoneSimulator
		{61BCC066-BEDA-4EBD-B64E-082A31E01644}.Debug|iPhoneSimulator.Build.0 = Debug|iPhoneSimulator
		{61BCC066-BEDA-4EBD-B64E-082A31E01644}.Debug|x64.ActiveCfg = Debug|iPhone
		{61BCC066-BEDA-4EBD-B64E-082A31E01644}.Debug|x86.ActiveCfg = Debug|iPhone
		{61BCC066-BEDA-4EBD-B64E-082A31E01644}.Release|Any CPU.ActiveCfg = Release|iPhone
		{61BCC066-BEDA-4EBD-B64E-082A31E01644}.Release|ARM.ActiveCfg = Release|iPhone
		{61BCC066-BEDA-4EBD-B64E-082A31E01644}.Release|iPhone.ActiveCfg = Release|iPhone
		{61BCC066-BEDA-4EBD-B64E-082A31E01644}.Release|iPhone.Build.0 = Release|iPhone
		{61BCC066-BEDA-4EBD-B64E-082A31E01644}.Release|iPhoneSimulator.ActiveCfg = Release|iPhoneSimulator
		{61BCC066-BEDA-4EBD-B64E-082A31E01644}.Release|iPhoneSimulator.Build.0 = Release|iPhoneSimulator
		{61BCC066-BEDA-4EBD-B64E-082A31E01644}.Release|x64.ActiveCfg = Release|iPhone
		{61BCC066-BEDA-4EBD-B64E-082A31E01644}.Release|x86.ActiveCfg = Release|iPhone
		{163696E1-9BE6-41B7-B16D-062C49FB2891}.Ad-Hoc|Any CPU.ActiveCfg = Release|x86
		{163696E1-9BE6-41B7-B16D-062C49FB2891}.Ad-Hoc|Any CPU.Build.0 = Release|x86
		{163696E1-9BE6-41B7-B16D-062C49FB2891}.Ad-Hoc|Any CPU.Deploy.0 = Release|x86
		{163696E1-9BE6-41B7-B16D-062C49FB2891}.Ad-Hoc|ARM.ActiveCfg = Release|ARM
		{163696E1-9BE6-41B7-B16D-062C49FB2891}.Ad-Hoc|ARM.Build.0 = Release|ARM
		{163696E1-9BE6-41B7-B16D-062C49FB2891}.Ad-Hoc|ARM.Deploy.0 = Release|ARM
		{163696E1-9BE6-41B7-B16D-062C49FB2891}.Ad-Hoc|iPhone.ActiveCfg = Release|x86
		{163696E1-9BE6-41B7-B16D-062C49FB2891}.Ad-Hoc|iPhone.Build.0 = Release|x86
		{163696E1-9BE6-41B7-B16D-062C49FB2891}.Ad-Hoc|iPhone.Deploy.0 = Release|x86
		{163696E1-9BE6-41B7-B16D-062C49FB2891}.Ad-Hoc|iPhoneSimulator.ActiveCfg = Release|x86
		{163696E1-9BE6-41B7-B16D-062C49FB2891}.Ad-Hoc|iPhoneSimulator.Build.0 = Release|x86
		{163696E1-9BE6-41B7-B16D-062C49FB2891}.Ad-Hoc|iPhoneSimulator.Deploy.0 = Release|x86
		{163696E1-9BE6-41B7-B16D-062C49FB2891}.Ad-Hoc|x64.ActiveCfg = Release|x64
		{163696E1-9BE6-41B7-B16D-062C49FB2891}.Ad-Hoc|x64.Build.0 = Release|x64
		{163696E1-9BE6-41B7-B16D-062C49FB2891}.Ad-Hoc|x64.Deploy.0 = Release|x64
		{163696E1-9BE6-41B7-B16D-062C49FB2891}.Ad-Hoc|x86.ActiveCfg = Release|x86
		{163696E1-9BE6-41B7-B16D-062C49FB2891}.Ad-Hoc|x86.Build.0 = Release|x86
		{163696E1-9BE6-41B7-B16D-062C49FB2891}.Ad-Hoc|x86.Deploy.0 = Release|x86
		{163696E1-9BE6-41B7-B16D-062C49FB2891}.AppStore|Any CPU.ActiveCfg = Release|x86
		{163696E1-9BE6-41B7-B16D-062C49FB2891}.AppStore|Any CPU.Build.0 = Release|x86
		{163696E1-9BE6-41B7-B16D-062C49FB2891}.AppStore|Any CPU.Deploy.0 = Release|x86
		{163696E1-9BE6-41B7-B16D-062C49FB2891}.AppStore|ARM.ActiveCfg = Release|ARM
		{163696E1-9BE6-41B7-B16D-062C49FB2891}.AppStore|ARM.Build.0 = Release|ARM
		{163696E1-9BE6-41B7-B16D-062C49FB2891}.AppStore|ARM.Deploy.0 = Release|ARM
		{163696E1-9BE6-41B7-B16D-062C49FB2891}.AppStore|iPhone.ActiveCfg = Release|x86
		{163696E1-9BE6-41B7-B16D-062C49FB2891}.AppStore|iPhone.Build.0 = Release|x86
		{163696E1-9BE6-41B7-B16D-062C49FB2891}.AppStore|iPhone.Deploy.0 = Release|x86
		{163696E1-9BE6-41B7-B16D-062C49FB2891}.AppStore|iPhoneSimulator.ActiveCfg = Release|x86
		{163696E1-9BE6-41B7-B16D-062C49FB2891}.AppStore|iPhoneSimulator.Build.0 = Release|x86
		{163696E1-9BE6-41B7-B16D-062C49FB2891}.AppStore|iPhoneSimulator.Deploy.0 = Release|x86
		{163696E1-9BE6-41B7-B16D-062C49FB2891}.AppStore|x64.ActiveCfg = Release|x64
		{163696E1-9BE6-41B7-B16D-062C49FB2891}.AppStore|x64.Build.0 = Release|x64
		{163696E1-9BE6-41B7-B16D-062C49FB2891}.AppStore|x64.Deploy.0 = Release|x64
		{163696E1-9BE6-41B7-B16D-062C49FB2891}.AppStore|x86.ActiveCfg = Release|x86
		{163696E1-9BE6-41B7-B16D-062C49FB2891}.AppStore|x86.Build.0 = Release|x86
		{163696E1-9BE6-41B7-B16D-062C49FB2891}.AppStore|x86.Deploy.0 = Release|x86
		{163696E1-9BE6-41B7-B16D-062C49FB2891}.Debug|Any CPU.ActiveCfg = Debug|x86
		{163696E1-9BE6-41B7-B16D-062C49FB2891}.Debug|ARM.ActiveCfg = Debug|ARM
		{163696E1-9BE6-41B7-B16D-062C49FB2891}.Debug|ARM.Build.0 = Debug|ARM
		{163696E1-9BE6-41B7-B16D-062C49FB2891}.Debug|ARM.Deploy.0 = Debug|ARM
		{163696E1-9BE6-41B7-B16D-062C49FB2891}.Debug|iPhone.ActiveCfg = Debug|x86
		{163696E1-9BE6-41B7-B16D-062C49FB2891}.Debug|iPhoneSimulator.ActiveCfg = Debug|x86
		{163696E1-9BE6-41B7-B16D-062C49FB2891}.Debug|x64.ActiveCfg = Debug|x64
		{163696E1-9BE6-41B7-B16D-062C49FB2891}.Debug|x64.Build.0 = Debug|x64
		{163696E1-9BE6-41B7-B16D-062C49FB2891}.Debug|x64.Deploy.0 = Debug|x64
		{163696E1-9BE6-41B7-B16D-062C49FB2891}.Debug|x86.ActiveCfg = Debug|x86
		{163696E1-9BE6-41B7-B16D-062C49FB2891}.Debug|x86.Build.0 = Debug|x86
		{163696E1-9BE6-41B7-B16D-062C49FB2891}.Debug|x86.Deploy.0 = Debug|x86
		{163696E1-9BE6-41B7-B16D-062C49FB2891}.Release|Any CPU.ActiveCfg = Release|x86
		{163696E1-9BE6-41B7-B16D-062C49FB2891}.Release|ARM.ActiveCfg = Release|ARM
		{163696E1-9BE6-41B7-B16D-062C49FB2891}.Release|ARM.Build.0 = Release|ARM
		{163696E1-9BE6-41B7-B16D-062C49FB2891}.Release|ARM.Deploy.0 = Release|ARM
		{163696E1-9BE6-41B7-B16D-062C49FB2891}.Release|iPhone.ActiveCfg = Release|x86
		{163696E1-9BE6-41B7-B16D-062C49FB2891}.Release|iPhoneSimulator.ActiveCfg = Release|x86
		{163696E1-9BE6-41B7-B16D-062C49FB2891}.Release|x64.ActiveCfg = Release|x64
		{163696E1-9BE6-41B7-B16D-062C49FB2891}.Release|x64.Build.0 = Release|x64
		{163696E1-9BE6-41B7-B16D-062C49FB2891}.Release|x64.Deploy.0 = Release|x64
		{163696E1-9BE6-41B7-B16D-062C49FB2891}.Release|x86.ActiveCfg = Release|x86
		{163696E1-9BE6-41B7-B16D-062C49FB2891}.Release|x86.Build.0 = Release|x86
		{163696E1-9BE6-41B7-B16D-062C49FB2891}.Release|x86.Deploy.0 = Release|x86
		{C741DA7E-3020-49F3-AB5D-2D17852FA84A}.Ad-Hoc|Any CPU.ActiveCfg = Debug|Any CPU
		{C741DA7E-3020-49F3-AB5D-2D17852FA84A}.Ad-Hoc|Any CPU.Build.0 = Debug|Any CPU
		{C741DA7E-3020-49F3-AB5D-2D17852FA84A}.Ad-Hoc|ARM.ActiveCfg = Debug|Any CPU
		{C741DA7E-3020-49F3-AB5D-2D17852FA84A}.Ad-Hoc|ARM.Build.0 = Debug|Any CPU
		{C741DA7E-3020-49F3-AB5D-2D17852FA84A}.Ad-Hoc|iPhone.ActiveCfg = Debug|Any CPU
		{C741DA7E-3020-49F3-AB5D-2D17852FA84A}.Ad-Hoc|iPhone.Build.0 = Debug|Any CPU
		{C741DA7E-3020-49F3-AB5D-2D17852FA84A}.Ad-Hoc|iPhoneSimulator.ActiveCfg = Debug|Any CPU
		{C741DA7E-3020-49F3-AB5D-2D17852FA84A}.Ad-Hoc|iPhoneSimulator.Build.0 = Debug|Any CPU
		{C741DA7E-3020-49F3-AB5D-2D17852FA84A}.Ad-Hoc|x64.ActiveCfg = Debug|Any CPU
		{C741DA7E-3020-49F3-AB5D-2D17852FA84A}.Ad-Hoc|x64.Build.0 = Debug|Any CPU
		{C741DA7E-3020-49F3-AB5D-2D17852FA84A}.Ad-Hoc|x86.ActiveCfg = Debug|Any CPU
		{C741DA7E-3020-49F3-AB5D-2D17852FA84A}.Ad-Hoc|x86.Build.0 = Debug|Any CPU
		{C741DA7E-3020-49F3-AB5D-2D17852FA84A}.AppStore|Any CPU.ActiveCfg = Debug|Any CPU
		{C741DA7E-3020-49F3-AB5D-2D17852FA84A}.AppStore|Any CPU.Build.0 = Debug|Any CPU
		{C741DA7E-3020-49F3-AB5D-2D17852FA84A}.AppStore|ARM.ActiveCfg = Debug|Any CPU
		{C741DA7E-3020-49F3-AB5D-2D17852FA84A}.AppStore|ARM.Build.0 = Debug|Any CPU
		{C741DA7E-3020-49F3-AB5D-2D17852FA84A}.AppStore|iPhone.ActiveCfg = Debug|Any CPU
		{C741DA7E-3020-49F3-AB5D-2D17852FA84A}.AppStore|iPhone.Build.0 = Debug|Any CPU
		{C741DA7E-3020-49F3-AB5D-2D17852FA84A}.AppStore|iPhoneSimulator.ActiveCfg = Debug|Any CPU
		{C741DA7E-3020-49F3-AB5D-2D17852FA84A}.AppStore|iPhoneSimulator.Build.0 = Debug|Any CPU
		{C741DA7E-3020-49F3-AB5D-2D17852FA84A}.AppStore|x64.ActiveCfg = Debug|Any CPU
		{C741DA7E-3020-49F3-AB5D-2D17852FA84A}.AppStore|x64.Build.0 = Debug|Any CPU
		{C741DA7E-3020-49F3-AB5D-2D17852FA84A}.AppStore|x86.ActiveCfg = Debug|Any CPU
		{C741DA7E-3020-49F3-AB5D-2D17852FA84A}.AppStore|x86.Build.0 = Debug|Any CPU
		{C741DA7E-3020-49F3-AB5D-2D17852FA84A}.Debug|Any CPU.ActiveCfg = Debug|Any CPU
		{C741DA7E-3020-49F3-AB5D-2D17852FA84A}.Debug|Any CPU.Build.0 = Debug|Any CPU
		{C741DA7E-3020-49F3-AB5D-2D17852FA84A}.Debug|ARM.ActiveCfg = Debug|Any CPU
		{C741DA7E-3020-49F3-AB5D-2D17852FA84A}.Debug|ARM.Build.0 = Debug|Any CPU
		{C741DA7E-3020-49F3-AB5D-2D17852FA84A}.Debug|iPhone.ActiveCfg = Debug|Any CPU
		{C741DA7E-3020-49F3-AB5D-2D17852FA84A}.Debug|iPhone.Build.0 = Debug|Any CPU
		{C741DA7E-3020-49F3-AB5D-2D17852FA84A}.Debug|iPhoneSimulator.ActiveCfg = Debug|Any CPU
		{C741DA7E-3020-49F3-AB5D-2D17852FA84A}.Debug|iPhoneSimulator.Build.0 = Debug|Any CPU
		{C741DA7E-3020-49F3-AB5D-2D17852FA84A}.Debug|x64.ActiveCfg = Debug|Any CPU
		{C741DA7E-3020-49F3-AB5D-2D17852FA84A}.Debug|x64.Build.0 = Debug|Any CPU
		{C741DA7E-3020-49F3-AB5D-2D17852FA84A}.Debug|x86.ActiveCfg = Debug|Any CPU
		{C741DA7E-3020-49F3-AB5D-2D17852FA84A}.Debug|x86.Build.0 = Debug|Any CPU
		{C741DA7E-3020-49F3-AB5D-2D17852FA84A}.Release|Any CPU.ActiveCfg = Release|Any CPU
		{C741DA7E-3020-49F3-AB5D-2D17852FA84A}.Release|Any CPU.Build.0 = Release|Any CPU
		{C741DA7E-3020-49F3-AB5D-2D17852FA84A}.Release|ARM.ActiveCfg = Release|Any CPU
		{C741DA7E-3020-49F3-AB5D-2D17852FA84A}.Release|ARM.Build.0 = Release|Any CPU
		{C741DA7E-3020-49F3-AB5D-2D17852FA84A}.Release|iPhone.ActiveCfg = Release|Any CPU
		{C741DA7E-3020-49F3-AB5D-2D17852FA84A}.Release|iPhone.Build.0 = Release|Any CPU
		{C741DA7E-3020-49F3-AB5D-2D17852FA84A}.Release|iPhoneSimulator.ActiveCfg = Release|Any CPU
		{C741DA7E-3020-49F3-AB5D-2D17852FA84A}.Release|iPhoneSimulator.Build.0 = Release|Any CPU
		{C741DA7E-3020-49F3-AB5D-2D17852FA84A}.Release|x64.ActiveCfg = Release|Any CPU
		{C741DA7E-3020-49F3-AB5D-2D17852FA84A}.Release|x64.Build.0 = Release|Any CPU
		{C741DA7E-3020-49F3-AB5D-2D17852FA84A}.Release|x86.ActiveCfg = Release|Any CPU
		{C741DA7E-3020-49F3-AB5D-2D17852FA84A}.Release|x86.Build.0 = Release|Any CPU
	EndGlobalSection
	GlobalSection(SolutionProperties) = preSolution
		HideSolutionNode = FALSE
	EndGlobalSection
	GlobalSection(ExtensibilityGlobals) = postSolution
		SolutionGuid = {AE699ABC-5284-4FBD-A574-4E37DDB46988}
	EndGlobalSection
EndGlobal
